
Microsoft Visual Studio Solution File, Format Version 12.00
# Visual Studio Version 16
VisualStudioVersion = 16.0.30114.105
MinimumVisualStudioVersion = 10.0.40219.1
Project("{FAE04EC0-301F-11D3-BF4B-00C04F79EFBC}") = "R5T.Heraklion", "R5T.Heraklion\R5T.Heraklion.csproj", "{B038C3CD-64D0-48A9-8A7F-83AD7A8440E2}"
EndProject
Project("{FAE04EC0-301F-11D3-BF4B-00C04F79EFBC}") = "R5T.Heraklion.Construction", "R5T.Heraklion.Construction\R5T.Heraklion.Construction.csproj", "{375D725A-1058-45A2-9745-1E8D82F4A3A7}"
EndProject
Project("{FAE04EC0-301F-11D3-BF4B-00C04F79EFBC}") = "R5T.Heraklion.Testing", "R5T.Heraklion.Testing\R5T.Heraklion.Testing.csproj", "{F6D6D449-8B12-4264-A5A6-EE1EDE5F0408}"
EndProject
Global
	GlobalSection(SolutionConfigurationPlatforms) = preSolution
		Debug|Any CPU = Debug|Any CPU
		Debug|x64 = Debug|x64
		Debug|x86 = Debug|x86
		Release|Any CPU = Release|Any CPU
		Release|x64 = Release|x64
		Release|x86 = Release|x86
	EndGlobalSection
	GlobalSection(SolutionProperties) = preSolution
		HideSolutionNode = FALSE
	EndGlobalSection
	GlobalSection(ProjectConfigurationPlatforms) = postSolution
		{B038C3CD-64D0-48A9-8A7F-83AD7A8440E2}.Debug|Any CPU.ActiveCfg = Debug|Any CPU
		{B038C3CD-64D0-48A9-8A7F-83AD7A8440E2}.Debug|Any CPU.Build.0 = Debug|Any CPU
		{B038C3CD-64D0-48A9-8A7F-83AD7A8440E2}.Debug|x64.ActiveCfg = Debug|Any CPU
		{B038C3CD-64D0-48A9-8A7F-83AD7A8440E2}.Debug|x64.Build.0 = Debug|Any CPU
		{B038C3CD-64D0-48A9-8A7F-83AD7A8440E2}.Debug|x86.ActiveCfg = Debug|Any CPU
		{B038C3CD-64D0-48A9-8A7F-83AD7A8440E2}.Debug|x86.Build.0 = Debug|Any CPU
		{B038C3CD-64D0-48A9-8A7F-83AD7A8440E2}.Release|Any CPU.ActiveCfg = Release|Any CPU
		{B038C3CD-64D0-48A9-8A7F-83AD7A8440E2}.Release|Any CPU.Build.0 = Release|Any CPU
		{B038C3CD-64D0-48A9-8A7F-83AD7A8440E2}.Release|x64.ActiveCfg = Release|Any CPU
		{B038C3CD-64D0-48A9-8A7F-83AD7A8440E2}.Release|x64.Build.0 = Release|Any CPU
		{B038C3CD-64D0-48A9-8A7F-83AD7A8440E2}.Release|x86.ActiveCfg = Release|Any CPU
		{B038C3CD-64D0-48A9-8A7F-83AD7A8440E2}.Release|x86.Build.0 = Release|Any CPU
		{375D725A-1058-45A2-9745-1E8D82F4A3A7}.Debug|Any CPU.ActiveCfg = Debug|Any CPU
		{375D725A-1058-45A2-9745-1E8D82F4A3A7}.Debug|Any CPU.Build.0 = Debug|Any CPU
		{375D725A-1058-45A2-9745-1E8D82F4A3A7}.Debug|x64.ActiveCfg = Debug|Any CPU
		{375D725A-1058-45A2-9745-1E8D82F4A3A7}.Debug|x64.Build.0 = Debug|Any CPU
		{375D725A-1058-45A2-9745-1E8D82F4A3A7}.Debug|x86.ActiveCfg = Debug|Any CPU
		{375D725A-1058-45A2-9745-1E8D82F4A3A7}.Debug|x86.Build.0 = Debug|Any CPU
		{375D725A-1058-45A2-9745-1E8D82F4A3A7}.Release|Any CPU.ActiveCfg = Release|Any CPU
		{375D725A-1058-45A2-9745-1E8D82F4A3A7}.Release|Any CPU.Build.0 = Release|Any CPU
		{375D725A-1058-45A2-9745-1E8D82F4A3A7}.Release|x64.ActiveCfg = Release|Any CPU
		{375D725A-1058-45A2-9745-1E8D82F4A3A7}.Release|x64.Build.0 = Release|Any CPU
		{375D725A-1058-45A2-9745-1E8D82F4A3A7}.Release|x86.ActiveCfg = Release|Any CPU
		{375D725A-1058-45A2-9745-1E8D82F4A3A7}.Release|x86.Build.0 = Release|Any CPU
		{F6D6D449-8B12-4264-A5A6-EE1EDE5F0408}.Debug|Any CPU.ActiveCfg = Debug|Any CPU
		{F6D6D449-8B12-4264-A5A6-EE1EDE5F0408}.Debug|Any CPU.Build.0 = Debug|Any CPU
		{F6D6D449-8B12-4264-A5A6-EE1EDE5F0408}.Debug|x64.ActiveCfg = Debug|Any CPU
		{F6D6D449-8B12-4264-A5A6-EE1EDE5F0408}.Debug|x64.Build.0 = Debug|Any CPU
		{F6D6D449-8B12-4264-A5A6-EE1EDE5F0408}.Debug|x86.ActiveCfg = Debug|Any CPU
		{F6D6D449-8B12-4264-A5A6-EE1EDE5F0408}.Debug|x86.Build.0 = Debug|Any CPU
		{F6D6D449-8B12-4264-A5A6-EE1EDE5F0408}.Release|Any CPU.ActiveCfg = Release|Any CPU
		{F6D6D449-8B12-4264-A5A6-EE1EDE5F0408}.Release|Any CPU.Build.0 = Release|Any CPU
		{F6D6D449-8B12-4264-A5A6-EE1EDE5F0408}.Release|x64.ActiveCfg = Release|Any CPU
		{F6D6D449-8B12-4264-A5A6-EE1EDE5F0408}.Release|x64.Build.0 = Release|Any CPU
		{F6D6D449-8B12-4264-A5A6-EE1EDE5F0408}.Release|x86.ActiveCfg = Release|Any CPU
		{F6D6D449-8B12-4264-A5A6-EE1EDE5F0408}.Release|x86.Build.0 = Release|Any CPU
	EndGlobalSection
EndGlobal
